
Microsoft Visual Studio Solution File, Format Version 12.00
# Visual Studio Version 17
VisualStudioVersion = 17.11.35312.102
MinimumVisualStudioVersion = 10.0.40219.1
Project("{FAE04EC0-301F-11D3-BF4B-00C04F79EFBC}") = "TrainServiceAPI", "TrainServiceAPI\TrainServiceAPI.csproj", "{BF2DDCCB-20FB-48D9-A762-CB9CA06B0260}"
EndProject
Global
	GlobalSection(SolutionConfigurationPlatforms) = preSolution
		Debug|Any CPU = Debug|Any CPU
		Release|Any CPU = Release|Any CPU
	EndGlobalSection
	GlobalSection(ProjectConfigurationPlatforms) = postSolution
		{BF2DDCCB-20FB-48D9-A762-CB9CA06B0260}.Debug|Any CPU.ActiveCfg = Debug|Any CPU
		{BF2DDCCB-20FB-48D9-A762-CB9CA06B0260}.Debug|Any CPU.Build.0 = Debug|Any CPU
		{BF2DDCCB-20FB-48D9-A762-CB9CA06B0260}.Release|Any CPU.ActiveCfg = Release|Any CPU
		{BF2DDCCB-20FB-48D9-A762-CB9CA06B0260}.Release|Any CPU.Build.0 = Release|Any CPU
	EndGlobalSection
	GlobalSection(SolutionProperties) = preSolution
		HideSolutionNode = FALSE
	EndGlobalSection
	GlobalSection(ExtensibilityGlobals) = postSolution
		SolutionGuid = {409939E6-F46D-4C41-A99C-DC88F11D3CBF}
	EndGlobalSection
EndGlobal
